{
  "requires": true,
  "lockfileVersion": 1,
  "dependencies": {
    "@monsonjeremy/react-leaflet": {
      "version": "3.2.2",
      "resolved": "https://registry.npmjs.org/@monsonjeremy/react-leaflet/-/react-leaflet-3.2.2.tgz",
      "integrity": "sha512-LZPm4nXpypqrTIqZzYfQorOtFbZ9osWWWmee831TA4/HAWPGkGgxXfh0W/qzsEP3ruIjmV2NaHnj+Uh/xMSKbA==",
      "requires": {
        "@monsonjeremy/react-leaflet-core": "1.1.1"
      }
    },
    "@monsonjeremy/react-leaflet-core": {
      "version": "1.1.1",
      "resolved": "https://registry.npmjs.org/@monsonjeremy/react-leaflet-core/-/react-leaflet-core-1.1.1.tgz",
      "integrity": "sha512-7FeQIoSUjapFkBMQlrIn1yztKGP3tAnNkfUl6UQ2rdToPU9MAETxgn2VnoCd6B4L+ntTyjidEQXFU2YFDHuf+A=="
    },
    "@react-leaflet/core": {
      "version": "1.1.1",
      "resolved": "https://registry.npmjs.org/@react-leaflet/core/-/core-1.1.1.tgz",
      "integrity": "sha512-7PGLWa9MZ5x/cWy8EH2VzI4T8q5WpuHbixzCDXqixP/WyqwIrg5NDUPgYuFnB4IEIZF+6nA265mYzswFo/h1Pw=="
    },
    "@types/geojson": {
      "version": "7946.0.8",
      "resolved": "https://registry.npmjs.org/@types/geojson/-/geojson-7946.0.8.tgz",
      "integrity": "sha512-1rkryxURpr6aWP7R786/UQOkJ3PcpQiWkAXBmdWc7ryFWqN6a4xfK7BtjXvFBKO9LjQ+MWQSWxYeZX1OApnArA=="
    },
    "@types/leaflet": {
      "version": "1.7.5",
      "resolved": "https://registry.npmjs.org/@types/leaflet/-/leaflet-1.7.5.tgz",
      "integrity": "sha512-+Myo00Yb5OuvUyrH+vUwn9DRgOaBJsF/etIMdMcNhWGBMo58Mo1cxLInvCd0ZpvItju/AeDYFB/Od2pLiHB3VA==",
      "requires": {
        "@types/geojson": "*"
      }
    },
    "chart.js": {
      "version": "3.5.1",
      "resolved": "https://registry.npmjs.org/chart.js/-/chart.js-3.5.1.tgz",
      "integrity": "sha512-m5kzt72I1WQ9LILwQC4syla/LD/N413RYv2Dx2nnTkRS9iv/ey1xLTt0DnPc/eWV4zI+BgEgDYBIzbQhZHc/PQ=="
    },
    "http-status": {
      "version": "1.5.0",
      "resolved": "https://registry.npmjs.org/http-status/-/http-status-1.5.0.tgz",
      "integrity": "sha512-wcGvY31MpFNHIkUcXHHnvrE4IKYlpvitJw5P/1u892gMBAM46muQ+RH7UN1d+Ntnfx5apnOnVY6vcLmrWHOLwg=="
    },
    "js-tokens": {
      "version": "4.0.0",
      "resolved": "https://registry.npmjs.org/js-tokens/-/js-tokens-4.0.0.tgz",
      "integrity": "sha512-RdJUflcE3cUzKiMqQgsCu06FPu9UdIJO0beYbPhHN4k6apgJtifcoCtT9bcxOpYBtpD2kCM6Sbzg4CausW/PKQ=="
    },
    "leaflet": {
      "version": "1.7.1",
      "resolved": "https://registry.npmjs.org/leaflet/-/leaflet-1.7.1.tgz",
      "integrity": "sha512-/xwPEBidtg69Q3HlqPdU3DnrXQOvQU/CCHA1tcDQVzOwm91YMYaILjNp7L4Eaw5Z4sOYdbBz6koWyibppd8Zqw=="
    },
    "loose-envify": {
      "version": "1.4.0",
      "resolved": "https://registry.npmjs.org/loose-envify/-/loose-envify-1.4.0.tgz",
      "integrity": "sha512-lyuxPGr/Wfhrlem2CL/UcnUc1zcqKAImBDzukY7Y5F/yQiNdko6+fRLevlw1HgMySw7f611UIY408EtxRSoK3Q==",
      "requires": {
        "js-tokens": "^3.0.0 || ^4.0.0"
      }
    },
    "object-assign": {
      "version": "4.1.1",
      "resolved": "https://registry.npmjs.org/object-assign/-/object-assign-4.1.1.tgz",
      "integrity": "sha1-IQmtx5ZYh8/AXLvUQsrIv7s2CGM="
    },
    "prop-types": {
      "version": "15.7.2",
      "resolved": "https://registry.npmjs.org/prop-types/-/prop-types-15.7.2.tgz",
      "integrity": "sha512-8QQikdH7//R2vurIJSutZ1smHYTcLpRWEOlHnzcWHmBYrOGUysKwSsrC89BCiFj3CbrfJ/nXFdJepOVrY1GCHQ==",
      "requires": {
        "loose-envify": "^1.4.0",
        "object-assign": "^4.1.1",
        "react-is": "^16.8.1"
      }
    },
    "react-is": {
      "version": "16.13.1",
      "resolved": "https://registry.npmjs.org/react-is/-/react-is-16.13.1.tgz",
      "integrity": "sha512-24e6ynE2H+OKt4kqsOvNd8kBpV65zoxbA4BVsEOB3ARVWQki/DHzaUoC5KuON/BiccDaCCTZBuOcfZs70kR8bQ=="
    },
    "react-leaflet": {
      "version": "3.2.2",
      "resolved": "https://registry.npmjs.org/react-leaflet/-/react-leaflet-3.2.2.tgz",
      "integrity": "sha512-5W7iWjI9+CdTGVAICe8RUyK0n+uLshr+eLQa8eBCbmstPNpCHZJTUSbju4Ws5dkS/PUCr9t5VmoIE9CXuSBEhw==",
      "requires": {
        "@react-leaflet/core": "^1.1.1"
      }
    },
    "react-tooltip": {
      "version": "4.2.21",
      "resolved": "https://registry.npmjs.org/react-tooltip/-/react-tooltip-4.2.21.tgz",
      "integrity": "sha512-zSLprMymBDowknr0KVDiJ05IjZn9mQhhg4PRsqln0OZtURAJ1snt1xi5daZfagsh6vfsziZrc9pErPTDY1ACig==",
      "requires": {
        "prop-types": "^15.7.2",
        "uuid": "^7.0.3"
      }
    },
    "uuid": {
      "version": "7.0.3",
      "resolved": "https://registry.npmjs.org/uuid/-/uuid-7.0.3.tgz",
      "integrity": "sha512-DPSke0pXhTZgoF/d+WSt2QaKMCFSfx7QegxEWT+JOuHF5aWrKEn0G+ztjuJg/gG8/ItK+rbPCD/yNv8yyih6Cg=="
    }
  }
}
